
Microsoft Visual Studio Solution File, Format Version 12.00
# Visual Studio Version 16
VisualStudioVersion = 16.0.30204.135
MinimumVisualStudioVersion = 10.0.40219.1
Project("{FAE04EC0-301F-11D3-BF4B-00C04F79EFBC}") = "Excecoes", "Excecoes\Excecoes.csproj", "{1CFCAB2A-3346-4B3E-AB24-0B5588CB9D1E}"
EndProject
Global
	GlobalSection(SolutionConfigurationPlatforms) = preSolution
		Debug|Any CPU = Debug|Any CPU
		Release|Any CPU = Release|Any CPU
	EndGlobalSection
	GlobalSection(ProjectConfigurationPlatforms) = postSolution
		{1CFCAB2A-3346-4B3E-AB24-0B5588CB9D1E}.Debug|Any CPU.ActiveCfg = Debug|Any CPU
		{1CFCAB2A-3346-4B3E-AB24-0B5588CB9D1E}.Debug|Any CPU.Build.0 = Debug|Any CPU
		{1CFCAB2A-3346-4B3E-AB24-0B5588CB9D1E}.Release|Any CPU.ActiveCfg = Release|Any CPU
		{1CFCAB2A-3346-4B3E-AB24-0B5588CB9D1E}.Release|Any CPU.Build.0 = Release|Any CPU
	EndGlobalSection
	GlobalSection(SolutionProperties) = preSolution
		HideSolutionNode = FALSE
	EndGlobalSection
	GlobalSection(ExtensibilityGlobals) = postSolution
		SolutionGuid = {BFEC53CD-D18A-4EB4-A012-F7F8B059B524}
	EndGlobalSection
EndGlobal
