
Microsoft Visual Studio Solution File, Format Version 12.00
# Visual Studio Version 16
VisualStudioVersion = 16.0.30225.117
MinimumVisualStudioVersion = 10.0.40219.1
Project("{FAE04EC0-301F-11D3-BF4B-00C04F79EFBC}") = "_Generics", "_Generics\_Generics.csproj", "{E1AFB1B8-DB1A-42DF-B987-878CCE504D81}"
EndProject
Global
	GlobalSection(SolutionConfigurationPlatforms) = preSolution
		Debug|Any CPU = Debug|Any CPU
		Release|Any CPU = Release|Any CPU
	EndGlobalSection
	GlobalSection(ProjectConfigurationPlatforms) = postSolution
		{E1AFB1B8-DB1A-42DF-B987-878CCE504D81}.Debug|Any CPU.ActiveCfg = Debug|Any CPU
		{E1AFB1B8-DB1A-42DF-B987-878CCE504D81}.Debug|Any CPU.Build.0 = Debug|Any CPU
		{E1AFB1B8-DB1A-42DF-B987-878CCE504D81}.Release|Any CPU.ActiveCfg = Release|Any CPU
		{E1AFB1B8-DB1A-42DF-B987-878CCE504D81}.Release|Any CPU.Build.0 = Release|Any CPU
	EndGlobalSection
	GlobalSection(SolutionProperties) = preSolution
		HideSolutionNode = FALSE
	EndGlobalSection
	GlobalSection(ExtensibilityGlobals) = postSolution
		SolutionGuid = {303C83F7-454E-4813-8C8A-488FB730A984}
	EndGlobalSection
EndGlobal
