
Microsoft Visual Studio Solution File, Format Version 12.00
# Visual Studio Version 16
VisualStudioVersion = 16.0.30225.117
MinimumVisualStudioVersion = 10.0.40219.1
Project("{FAE04EC0-301F-11D3-BF4B-00C04F79EFBC}") = "_StreamWriter_", "_StreamWriter_\_StreamWriter_.csproj", "{4D44C494-41F4-45DC-8006-EB71E863A4E3}"
EndProject
Global
	GlobalSection(SolutionConfigurationPlatforms) = preSolution
		Debug|Any CPU = Debug|Any CPU
		Release|Any CPU = Release|Any CPU
	EndGlobalSection
	GlobalSection(ProjectConfigurationPlatforms) = postSolution
		{4D44C494-41F4-45DC-8006-EB71E863A4E3}.Debug|Any CPU.ActiveCfg = Debug|Any CPU
		{4D44C494-41F4-45DC-8006-EB71E863A4E3}.Debug|Any CPU.Build.0 = Debug|Any CPU
		{4D44C494-41F4-45DC-8006-EB71E863A4E3}.Release|Any CPU.ActiveCfg = Release|Any CPU
		{4D44C494-41F4-45DC-8006-EB71E863A4E3}.Release|Any CPU.Build.0 = Release|Any CPU
	EndGlobalSection
	GlobalSection(SolutionProperties) = preSolution
		HideSolutionNode = FALSE
	EndGlobalSection
	GlobalSection(ExtensibilityGlobals) = postSolution
		SolutionGuid = {26484C53-C7D1-4F44-A005-22FDEE2D5FB3}
	EndGlobalSection
EndGlobal
