
Microsoft Visual Studio Solution File, Format Version 12.00
# Visual Studio Version 16
VisualStudioVersion = 16.0.30204.135
MinimumVisualStudioVersion = 10.0.40219.1
Project("{FAE04EC0-301F-11D3-BF4B-00C04F79EFBC}") = "Excecoes2", "Excecoes2\Excecoes2.csproj", "{3AF1B129-4672-4753-9299-E0F6F28BF96C}"
EndProject
Global
	GlobalSection(SolutionConfigurationPlatforms) = preSolution
		Debug|Any CPU = Debug|Any CPU
		Release|Any CPU = Release|Any CPU
	EndGlobalSection
	GlobalSection(ProjectConfigurationPlatforms) = postSolution
		{3AF1B129-4672-4753-9299-E0F6F28BF96C}.Debug|Any CPU.ActiveCfg = Debug|Any CPU
		{3AF1B129-4672-4753-9299-E0F6F28BF96C}.Debug|Any CPU.Build.0 = Debug|Any CPU
		{3AF1B129-4672-4753-9299-E0F6F28BF96C}.Release|Any CPU.ActiveCfg = Release|Any CPU
		{3AF1B129-4672-4753-9299-E0F6F28BF96C}.Release|Any CPU.Build.0 = Release|Any CPU
	EndGlobalSection
	GlobalSection(SolutionProperties) = preSolution
		HideSolutionNode = FALSE
	EndGlobalSection
	GlobalSection(ExtensibilityGlobals) = postSolution
		SolutionGuid = {CB271E9E-748B-452B-848C-79768F38D21B}
	EndGlobalSection
EndGlobal
