
Microsoft Visual Studio Solution File, Format Version 12.00
# Visual Studio Version 16
VisualStudioVersion = 16.0.30225.117
MinimumVisualStudioVersion = 10.0.40219.1
Project("{FAE04EC0-301F-11D3-BF4B-00C04F79EFBC}") = "ExtensionMethod", "ExtensionMethod\ExtensionMethod.csproj", "{9C7303C6-9FD5-49E5-AB8A-C1541886B8F9}"
EndProject
Global
	GlobalSection(SolutionConfigurationPlatforms) = preSolution
		Debug|Any CPU = Debug|Any CPU
		Release|Any CPU = Release|Any CPU
	EndGlobalSection
	GlobalSection(ProjectConfigurationPlatforms) = postSolution
		{9C7303C6-9FD5-49E5-AB8A-C1541886B8F9}.Debug|Any CPU.ActiveCfg = Debug|Any CPU
		{9C7303C6-9FD5-49E5-AB8A-C1541886B8F9}.Debug|Any CPU.Build.0 = Debug|Any CPU
		{9C7303C6-9FD5-49E5-AB8A-C1541886B8F9}.Release|Any CPU.ActiveCfg = Release|Any CPU
		{9C7303C6-9FD5-49E5-AB8A-C1541886B8F9}.Release|Any CPU.Build.0 = Release|Any CPU
	EndGlobalSection
	GlobalSection(SolutionProperties) = preSolution
		HideSolutionNode = FALSE
	EndGlobalSection
	GlobalSection(ExtensibilityGlobals) = postSolution
		SolutionGuid = {C1F6DA30-4DF8-417D-BDA9-D7E420A5E43D}
	EndGlobalSection
EndGlobal
