
Microsoft Visual Studio Solution File, Format Version 12.00
# Visual Studio Version 16
VisualStudioVersion = 16.0.30225.117
MinimumVisualStudioVersion = 10.0.40219.1
Project("{FAE04EC0-301F-11D3-BF4B-00C04F79EFBC}") = "_Interface1_", "_Interface1_\_Interface1_.csproj", "{96049CB8-C36F-4B36-B9DE-C5CD91CDE67A}"
EndProject
Global
	GlobalSection(SolutionConfigurationPlatforms) = preSolution
		Debug|Any CPU = Debug|Any CPU
		Release|Any CPU = Release|Any CPU
	EndGlobalSection
	GlobalSection(ProjectConfigurationPlatforms) = postSolution
		{96049CB8-C36F-4B36-B9DE-C5CD91CDE67A}.Debug|Any CPU.ActiveCfg = Debug|Any CPU
		{96049CB8-C36F-4B36-B9DE-C5CD91CDE67A}.Debug|Any CPU.Build.0 = Debug|Any CPU
		{96049CB8-C36F-4B36-B9DE-C5CD91CDE67A}.Release|Any CPU.ActiveCfg = Release|Any CPU
		{96049CB8-C36F-4B36-B9DE-C5CD91CDE67A}.Release|Any CPU.Build.0 = Release|Any CPU
	EndGlobalSection
	GlobalSection(SolutionProperties) = preSolution
		HideSolutionNode = FALSE
	EndGlobalSection
	GlobalSection(ExtensibilityGlobals) = postSolution
		SolutionGuid = {3EF658A1-BE5B-4478-A9E6-6AC559F493C4}
	EndGlobalSection
EndGlobal
