
Microsoft Visual Studio Solution File, Format Version 12.00
# Visual Studio Version 16
VisualStudioVersion = 16.0.30225.117
MinimumVisualStudioVersion = 10.0.40219.1
Project("{FAE04EC0-301F-11D3-BF4B-00C04F79EFBC}") = "exe05", "exe05\exe05.csproj", "{4FAC576D-55B9-4E9C-9232-5AB6BD65CE3D}"
EndProject
Global
	GlobalSection(SolutionConfigurationPlatforms) = preSolution
		Debug|Any CPU = Debug|Any CPU
		Release|Any CPU = Release|Any CPU
	EndGlobalSection
	GlobalSection(ProjectConfigurationPlatforms) = postSolution
		{4FAC576D-55B9-4E9C-9232-5AB6BD65CE3D}.Debug|Any CPU.ActiveCfg = Debug|Any CPU
		{4FAC576D-55B9-4E9C-9232-5AB6BD65CE3D}.Debug|Any CPU.Build.0 = Debug|Any CPU
		{4FAC576D-55B9-4E9C-9232-5AB6BD65CE3D}.Release|Any CPU.ActiveCfg = Release|Any CPU
		{4FAC576D-55B9-4E9C-9232-5AB6BD65CE3D}.Release|Any CPU.Build.0 = Release|Any CPU
	EndGlobalSection
	GlobalSection(SolutionProperties) = preSolution
		HideSolutionNode = FALSE
	EndGlobalSection
	GlobalSection(ExtensibilityGlobals) = postSolution
		SolutionGuid = {AC205C07-D057-427C-8FBC-A3CE3998CCF5}
	EndGlobalSection
EndGlobal
