
Microsoft Visual Studio Solution File, Format Version 12.00
# Visual Studio Version 16
VisualStudioVersion = 16.0.30225.117
MinimumVisualStudioVersion = 10.0.40219.1
Project("{FAE04EC0-301F-11D3-BF4B-00C04F79EFBC}") = "Func_Select", "Func_Select\Func_Select.csproj", "{76CD59FF-0B37-463C-B0DC-718DF77F9F96}"
EndProject
Global
	GlobalSection(SolutionConfigurationPlatforms) = preSolution
		Debug|Any CPU = Debug|Any CPU
		Release|Any CPU = Release|Any CPU
	EndGlobalSection
	GlobalSection(ProjectConfigurationPlatforms) = postSolution
		{76CD59FF-0B37-463C-B0DC-718DF77F9F96}.Debug|Any CPU.ActiveCfg = Debug|Any CPU
		{76CD59FF-0B37-463C-B0DC-718DF77F9F96}.Debug|Any CPU.Build.0 = Debug|Any CPU
		{76CD59FF-0B37-463C-B0DC-718DF77F9F96}.Release|Any CPU.ActiveCfg = Release|Any CPU
		{76CD59FF-0B37-463C-B0DC-718DF77F9F96}.Release|Any CPU.Build.0 = Release|Any CPU
	EndGlobalSection
	GlobalSection(SolutionProperties) = preSolution
		HideSolutionNode = FALSE
	EndGlobalSection
	GlobalSection(ExtensibilityGlobals) = postSolution
		SolutionGuid = {ADAA22E2-7D85-475F-A9B2-A541EDC89CA1}
	EndGlobalSection
EndGlobal
